
Microsoft Visual Studio Solution File, Format Version 11.00
# Visual Studio 2010
Project("{FAE04EC0-301F-11D3-BF4B-00C04F79EFBC}") = "Media_Escola", "Media_Escola\Media_Escola.csproj", "{0BAECFA8-918D-436C-8005-4AA74DB00C27}"
EndProject
Global
	GlobalSection(SolutionConfigurationPlatforms) = preSolution
		Debug|x86 = Debug|x86
		Release|x86 = Release|x86
	EndGlobalSection
	GlobalSection(ProjectConfigurationPlatforms) = postSolution
		{0BAECFA8-918D-436C-8005-4AA74DB00C27}.Debug|x86.ActiveCfg = Debug|x86
		{0BAECFA8-918D-436C-8005-4AA74DB00C27}.Debug|x86.Build.0 = Debug|x86
		{0BAECFA8-918D-436C-8005-4AA74DB00C27}.Release|x86.ActiveCfg = Release|x86
		{0BAECFA8-918D-436C-8005-4AA74DB00C27}.Release|x86.Build.0 = Release|x86
	EndGlobalSection
	GlobalSection(SolutionProperties) = preSolution
		HideSolutionNode = FALSE
	EndGlobalSection
EndGlobal
