
Microsoft Visual Studio Solution File, Format Version 11.00
# Visual Studio 2010
Project("{FAE04EC0-301F-11D3-BF4B-00C04F79EFBC}") = "Tabuada_Visual", "Tabuada_Visual\Tabuada_Visual.csproj", "{1DCED00E-FDEB-40F4-B980-A21040D9C38B}"
EndProject
Global
	GlobalSection(SolutionConfigurationPlatforms) = preSolution
		Debug|x86 = Debug|x86
		Release|x86 = Release|x86
	EndGlobalSection
	GlobalSection(ProjectConfigurationPlatforms) = postSolution
		{1DCED00E-FDEB-40F4-B980-A21040D9C38B}.Debug|x86.ActiveCfg = Debug|x86
		{1DCED00E-FDEB-40F4-B980-A21040D9C38B}.Debug|x86.Build.0 = Debug|x86
		{1DCED00E-FDEB-40F4-B980-A21040D9C38B}.Release|x86.ActiveCfg = Release|x86
		{1DCED00E-FDEB-40F4-B980-A21040D9C38B}.Release|x86.Build.0 = Release|x86
	EndGlobalSection
	GlobalSection(SolutionProperties) = preSolution
		HideSolutionNode = FALSE
	EndGlobalSection
EndGlobal
