
Microsoft Visual Studio Solution File, Format Version 11.00
# Visual Studio 2010
Project("{FAE04EC0-301F-11D3-BF4B-00C04F79EFBC}") = "Prog_Agenda", "Prog_Agenda\Prog_Agenda.csproj", "{06156851-8A2E-4C06-9510-800673D5D07D}"
EndProject
Global
	GlobalSection(SolutionConfigurationPlatforms) = preSolution
		Debug|x86 = Debug|x86
		Release|x86 = Release|x86
	EndGlobalSection
	GlobalSection(ProjectConfigurationPlatforms) = postSolution
		{06156851-8A2E-4C06-9510-800673D5D07D}.Debug|x86.ActiveCfg = Debug|x86
		{06156851-8A2E-4C06-9510-800673D5D07D}.Debug|x86.Build.0 = Debug|x86
		{06156851-8A2E-4C06-9510-800673D5D07D}.Release|x86.ActiveCfg = Release|x86
		{06156851-8A2E-4C06-9510-800673D5D07D}.Release|x86.Build.0 = Release|x86
	EndGlobalSection
	GlobalSection(SolutionProperties) = preSolution
		HideSolutionNode = FALSE
	EndGlobalSection
EndGlobal
