
Microsoft Visual Studio Solution File, Format Version 11.00
# Visual Studio 2010
Project("{FAE04EC0-301F-11D3-BF4B-00C04F79EFBC}") = "PecasProduzidas", "PecasProduzidas\PecasProduzidas.csproj", "{5674FA29-16CE-4A59-A67E-554F724BDFBA}"
EndProject
Global
	GlobalSection(SolutionConfigurationPlatforms) = preSolution
		Debug|x86 = Debug|x86
		Release|x86 = Release|x86
	EndGlobalSection
	GlobalSection(ProjectConfigurationPlatforms) = postSolution
		{5674FA29-16CE-4A59-A67E-554F724BDFBA}.Debug|x86.ActiveCfg = Debug|x86
		{5674FA29-16CE-4A59-A67E-554F724BDFBA}.Debug|x86.Build.0 = Debug|x86
		{5674FA29-16CE-4A59-A67E-554F724BDFBA}.Release|x86.ActiveCfg = Release|x86
		{5674FA29-16CE-4A59-A67E-554F724BDFBA}.Release|x86.Build.0 = Release|x86
	EndGlobalSection
	GlobalSection(SolutionProperties) = preSolution
		HideSolutionNode = FALSE
	EndGlobalSection
EndGlobal
