
Microsoft Visual Studio Solution File, Format Version 11.00
# Visual Studio 2010
Project("{FAE04EC0-301F-11D3-BF4B-00C04F79EFBC}") = "Revisão_loja", "Revisão_loja\Revisão_loja.csproj", "{CB3F8806-CA3B-4E70-888B-6A77147AA18F}"
EndProject
Global
	GlobalSection(SolutionConfigurationPlatforms) = preSolution
		Debug|x86 = Debug|x86
		Release|x86 = Release|x86
	EndGlobalSection
	GlobalSection(ProjectConfigurationPlatforms) = postSolution
		{CB3F8806-CA3B-4E70-888B-6A77147AA18F}.Debug|x86.ActiveCfg = Debug|x86
		{CB3F8806-CA3B-4E70-888B-6A77147AA18F}.Debug|x86.Build.0 = Debug|x86
		{CB3F8806-CA3B-4E70-888B-6A77147AA18F}.Release|x86.ActiveCfg = Release|x86
		{CB3F8806-CA3B-4E70-888B-6A77147AA18F}.Release|x86.Build.0 = Release|x86
	EndGlobalSection
	GlobalSection(SolutionProperties) = preSolution
		HideSolutionNode = FALSE
	EndGlobalSection
EndGlobal
